// !$*UTF8*$!
{
	archiveVersion = 1;
	classes = {
	};
	objectVersion = 45;
	objects = {

/* Begin PBXBuildFile section */
		1D3623260D0F684500981E51 /* ContextDemoAppDelegate.m in Sources */ = {isa = PBXBuildFile; fileRef = 1D3623250D0F684500981E51 /* ContextDemoAppDelegate.m */; };
		1D60589B0D05DD56006BFB54 /* main.m in Sources */ = {isa = PBXBuildFile; fileRef = 29B97316FDCFA39411CA2CEA /* main.m */; };
		1D60589F0D05DD5A006BFB54 /* Foundation.framework in Frameworks */ = {isa = PBXBuildFile; fileRef = 1D30AB110D05D00D00671497 /* Foundation.framework */; };
		1DF5F4E00D08C38300B7A737 /* UIKit.framework in Frameworks */ = {isa = PBXBuildFile; fileRef = 1DF5F4DF0D08C38300B7A737 /* UIKit.framework */; };
		2892E4100DC94CBA00A64D0F /* CoreGraphics.framework in Frameworks */ = {isa = PBXBuildFile; fileRef = 2892E40F0DC94CBA00A64D0F /* CoreGraphics.framework */; };
		28C286E10D94DF7D0034E888 /* AttributesViewController.m in Sources */ = {isa = PBXBuildFile; fileRef = 28C286E00D94DF7D0034E888 /* AttributesViewController.m */; };
		DC159A7910D939B80021DC0C /* CoreLocation.framework in Frameworks */ = {isa = PBXBuildFile; fileRef = DC159A7810D939B80021DC0C /* CoreLocation.framework */; };
		DC1AFA39110A44C5003DBAB1 /* UISourceSwitch.m in Sources */ = {isa = PBXBuildFile; fileRef = DC1AFA38110A44C5003DBAB1 /* UISourceSwitch.m */; };
		DC4E502811120E71005BC9F2 /* IconCharging.png in Resources */ = {isa = PBXBuildFile; fileRef = DC4E501C11120E71005BC9F2 /* IconCharging.png */; };
		DC4E502911120E71005BC9F2 /* IconHome.png in Resources */ = {isa = PBXBuildFile; fileRef = DC4E501D11120E71005BC9F2 /* IconHome.png */; };
		DC4E502A11120E71005BC9F2 /* IconInternet.png in Resources */ = {isa = PBXBuildFile; fileRef = DC4E501E11120E71005BC9F2 /* IconInternet.png */; };
		DC4E502B11120E71005BC9F2 /* IconLeft.png in Resources */ = {isa = PBXBuildFile; fileRef = DC4E501F11120E71005BC9F2 /* IconLeft.png */; };
		DC4E502C11120E71005BC9F2 /* IconLoud.png in Resources */ = {isa = PBXBuildFile; fileRef = DC4E502011120E71005BC9F2 /* IconLoud.png */; };
		DC4E502D11120E71005BC9F2 /* IconModerate.png in Resources */ = {isa = PBXBuildFile; fileRef = DC4E502111120E71005BC9F2 /* IconModerate.png */; };
		DC4E502E11120E71005BC9F2 /* IconRight.png in Resources */ = {isa = PBXBuildFile; fileRef = DC4E502211120E71005BC9F2 /* IconRight.png */; };
		DC4E502F11120E71005BC9F2 /* IconSilence.png in Resources */ = {isa = PBXBuildFile; fileRef = DC4E502311120E71005BC9F2 /* IconSilence.png */; };
		DC4E503011120E71005BC9F2 /* IconTraveling.png in Resources */ = {isa = PBXBuildFile; fileRef = DC4E502411120E71005BC9F2 /* IconTraveling.png */; };
		DC4E503111120E71005BC9F2 /* IconUp.png in Resources */ = {isa = PBXBuildFile; fileRef = DC4E502511120E71005BC9F2 /* IconUp.png */; };
		DC4E503211120E71005BC9F2 /* IconWorking.png in Resources */ = {isa = PBXBuildFile; fileRef = DC4E502611120E71005BC9F2 /* IconWorking.png */; };
		DC4E503311120E71005BC9F2 /* IconWorkingday.png in Resources */ = {isa = PBXBuildFile; fileRef = DC4E502711120E71005BC9F2 /* IconWorkingday.png */; };
		DC7846CA110A220300496C96 /* SourcesViewController.m in Sources */ = {isa = PBXBuildFile; fileRef = DC7846C9110A220300496C96 /* SourcesViewController.m */; };
		DC7847DD110A301F00496C96 /* Icon.png in Resources */ = {isa = PBXBuildFile; fileRef = DC7847D8110A301F00496C96 /* Icon.png */; };
		DC7847DE110A301F00496C96 /* TabAdaption.png in Resources */ = {isa = PBXBuildFile; fileRef = DC7847D9110A301F00496C96 /* TabAdaption.png */; };
		DC7847DF110A301F00496C96 /* TabAttributes.png in Resources */ = {isa = PBXBuildFile; fileRef = DC7847DA110A301F00496C96 /* TabAttributes.png */; };
		DC7847E0110A301F00496C96 /* TabContexts.png in Resources */ = {isa = PBXBuildFile; fileRef = DC7847DB110A301F00496C96 /* TabContexts.png */; };
		DC7847E1110A301F00496C96 /* TabSources.png in Resources */ = {isa = PBXBuildFile; fileRef = DC7847DC110A301F00496C96 /* TabSources.png */; };
		DC7D3C671105B2BF00905C4B /* ContextViewController.m in Sources */ = {isa = PBXBuildFile; fileRef = DC7D3C661105B2BF00905C4B /* ContextViewController.m */; };
		DC7D80721111F85F0070C19F /* AdaptationView.xib in Resources */ = {isa = PBXBuildFile; fileRef = DC7D80711111F85F0070C19F /* AdaptationView.xib */; };
		DC7D80841111F8F50070C19F /* AdaptationViewController.m in Sources */ = {isa = PBXBuildFile; fileRef = DC7D80831111F8F50070C19F /* AdaptationViewController.m */; };
		DC9991471106014800B2D6AF /* libContextFramework.a in Frameworks */ = {isa = PBXBuildFile; fileRef = DC9991461106014800B2D6AF /* libContextFramework.a */; };
		DCABB1DA110A1AFE00B74FE2 /* MainWindow.xib in Resources */ = {isa = PBXBuildFile; fileRef = DCABB1D9110A1AFE00B74FE2 /* MainWindow.xib */; };
		DCB8BF331111C08A007CB5CF /* AudioToolbox.framework in Frameworks */ = {isa = PBXBuildFile; fileRef = DCB8BF321111C08A007CB5CF /* AudioToolbox.framework */; };
/* End PBXBuildFile section */

/* Begin PBXFileReference section */
		1D30AB110D05D00D00671497 /* Foundation.framework */ = {isa = PBXFileReference; lastKnownFileType = wrapper.framework; name = Foundation.framework; path = System/Library/Frameworks/Foundation.framework; sourceTree = SDKROOT; };
		1D3623240D0F684500981E51 /* ContextDemoAppDelegate.h */ = {isa = PBXFileReference; fileEncoding = 4; lastKnownFileType = sourcecode.c.h; path = ContextDemoAppDelegate.h; sourceTree = "<group>"; };
		1D3623250D0F684500981E51 /* ContextDemoAppDelegate.m */ = {isa = PBXFileReference; fileEncoding = 4; lastKnownFileType = sourcecode.c.objc; path = ContextDemoAppDelegate.m; sourceTree = "<group>"; };
		1D6058910D05DD3D006BFB54 /* ContextDemo.app */ = {isa = PBXFileReference; explicitFileType = wrapper.application; includeInIndex = 0; path = ContextDemo.app; sourceTree = BUILT_PRODUCTS_DIR; };
		1DF5F4DF0D08C38300B7A737 /* UIKit.framework */ = {isa = PBXFileReference; lastKnownFileType = wrapper.framework; name = UIKit.framework; path = System/Library/Frameworks/UIKit.framework; sourceTree = SDKROOT; };
		2892E40F0DC94CBA00A64D0F /* CoreGraphics.framework */ = {isa = PBXFileReference; lastKnownFileType = wrapper.framework; name = CoreGraphics.framework; path = System/Library/Frameworks/CoreGraphics.framework; sourceTree = SDKROOT; };
		28A0AAE50D9B0CCF005BE974 /* ContextDemo_Prefix.pch */ = {isa = PBXFileReference; fileEncoding = 4; lastKnownFileType = sourcecode.c.h; path = ContextDemo_Prefix.pch; sourceTree = "<group>"; };
		28C286DF0D94DF7D0034E888 /* AttributesViewController.h */ = {isa = PBXFileReference; fileEncoding = 4; lastKnownFileType = sourcecode.c.h; path = AttributesViewController.h; sourceTree = "<group>"; };
		28C286E00D94DF7D0034E888 /* AttributesViewController.m */ = {isa = PBXFileReference; fileEncoding = 4; lastKnownFileType = sourcecode.c.objc; path = AttributesViewController.m; sourceTree = "<group>"; };
		29B97316FDCFA39411CA2CEA /* main.m */ = {isa = PBXFileReference; fileEncoding = 4; lastKnownFileType = sourcecode.c.objc; path = main.m; sourceTree = "<group>"; };
		8D1107310486CEB800E47090 /* ContextDemo-Info.plist */ = {isa = PBXFileReference; fileEncoding = 4; lastKnownFileType = text.plist.xml; path = "ContextDemo-Info.plist"; plistStructureDefinitionIdentifier = "com.apple.xcode.plist.structure-definition.iphone.info-plist"; sourceTree = "<group>"; };
		DC159A7810D939B80021DC0C /* CoreLocation.framework */ = {isa = PBXFileReference; lastKnownFileType = wrapper.framework; name = CoreLocation.framework; path = System/Library/Frameworks/CoreLocation.framework; sourceTree = SDKROOT; };
		DC1AFA37110A44C5003DBAB1 /* UISourceSwitch.h */ = {isa = PBXFileReference; fileEncoding = 4; lastKnownFileType = sourcecode.c.h; path = UISourceSwitch.h; sourceTree = "<group>"; };
		DC1AFA38110A44C5003DBAB1 /* UISourceSwitch.m */ = {isa = PBXFileReference; fileEncoding = 4; lastKnownFileType = sourcecode.c.objc; path = UISourceSwitch.m; sourceTree = "<group>"; };
		DC4E501C11120E71005BC9F2 /* IconCharging.png */ = {isa = PBXFileReference; lastKnownFileType = image.png; name = IconCharging.png; path = Images/IconCharging.png; sourceTree = "<group>"; };
		DC4E501D11120E71005BC9F2 /* IconHome.png */ = {isa = PBXFileReference; lastKnownFileType = image.png; name = IconHome.png; path = Images/IconHome.png; sourceTree = "<group>"; };
		DC4E501E11120E71005BC9F2 /* IconInternet.png */ = {isa = PBXFileReference; lastKnownFileType = image.png; name = IconInternet.png; path = Images/IconInternet.png; sourceTree = "<group>"; };
		DC4E501F11120E71005BC9F2 /* IconLeft.png */ = {isa = PBXFileReference; lastKnownFileType = image.png; name = IconLeft.png; path = Images/IconLeft.png; sourceTree = "<group>"; };
		DC4E502011120E71005BC9F2 /* IconLoud.png */ = {isa = PBXFileReference; lastKnownFileType = image.png; name = IconLoud.png; path = Images/IconLoud.png; sourceTree = "<group>"; };
		DC4E502111120E71005BC9F2 /* IconModerate.png */ = {isa = PBXFileReference; lastKnownFileType = image.png; name = IconModerate.png; path = Images/IconModerate.png; sourceTree = "<group>"; };
		DC4E502211120E71005BC9F2 /* IconRight.png */ = {isa = PBXFileReference; lastKnownFileType = image.png; name = IconRight.png; path = Images/IconRight.png; sourceTree = "<group>"; };
		DC4E502311120E71005BC9F2 /* IconSilence.png */ = {isa = PBXFileReference; lastKnownFileType = image.png; name = IconSilence.png; path = Images/IconSilence.png; sourceTree = "<group>"; };
		DC4E502411120E71005BC9F2 /* IconTraveling.png */ = {isa = PBXFileReference; lastKnownFileType = image.png; name = IconTraveling.png; path = Images/IconTraveling.png; sourceTree = "<group>"; };
		DC4E502511120E71005BC9F2 /* IconUp.png */ = {isa = PBXFileReference; lastKnownFileType = image.png; name = IconUp.png; path = Images/IconUp.png; sourceTree = "<group>"; };
		DC4E502611120E71005BC9F2 /* IconWorking.png */ = {isa = PBXFileReference; lastKnownFileType = image.png; name = IconWorking.png; path = Images/IconWorking.png; sourceTree = "<group>"; };
		DC4E502711120E71005BC9F2 /* IconWorkingday.png */ = {isa = PBXFileReference; lastKnownFileType = image.png; name = IconWorkingday.png; path = Images/IconWorkingday.png; sourceTree = "<group>"; };
		DC7846C8110A220300496C96 /* SourcesViewController.h */ = {isa = PBXFileReference; fileEncoding = 4; lastKnownFileType = sourcecode.c.h; path = SourcesViewController.h; sourceTree = "<group>"; };
		DC7846C9110A220300496C96 /* SourcesViewController.m */ = {isa = PBXFileReference; fileEncoding = 4; lastKnownFileType = sourcecode.c.objc; path = SourcesViewController.m; sourceTree = "<group>"; };
		DC7847D8110A301F00496C96 /* Icon.png */ = {isa = PBXFileReference; lastKnownFileType = image.png; name = Icon.png; path = Images/Icon.png; sourceTree = "<group>"; };
		DC7847D9110A301F00496C96 /* TabAdaption.png */ = {isa = PBXFileReference; lastKnownFileType = image.png; name = TabAdaption.png; path = Images/TabAdaption.png; sourceTree = "<group>"; };
		DC7847DA110A301F00496C96 /* TabAttributes.png */ = {isa = PBXFileReference; lastKnownFileType = image.png; name = TabAttributes.png; path = Images/TabAttributes.png; sourceTree = "<group>"; };
		DC7847DB110A301F00496C96 /* TabContexts.png */ = {isa = PBXFileReference; lastKnownFileType = image.png; name = TabContexts.png; path = Images/TabContexts.png; sourceTree = "<group>"; };
		DC7847DC110A301F00496C96 /* TabSources.png */ = {isa = PBXFileReference; lastKnownFileType = image.png; name = TabSources.png; path = Images/TabSources.png; sourceTree = "<group>"; };
		DC7D3C651105B2BF00905C4B /* ContextViewController.h */ = {isa = PBXFileReference; fileEncoding = 4; lastKnownFileType = sourcecode.c.h; path = ContextViewController.h; sourceTree = "<group>"; };
		DC7D3C661105B2BF00905C4B /* ContextViewController.m */ = {isa = PBXFileReference; fileEncoding = 4; lastKnownFileType = sourcecode.c.objc; path = ContextViewController.m; sourceTree = "<group>"; };
		DC7D80711111F85F0070C19F /* AdaptationView.xib */ = {isa = PBXFileReference; lastKnownFileType = file.xib; name = AdaptationView.xib; path = ../Classes/AdaptationView.xib; sourceTree = "<group>"; };
		DC7D80821111F8F50070C19F /* AdaptationViewController.h */ = {isa = PBXFileReference; fileEncoding = 4; lastKnownFileType = sourcecode.c.h; path = AdaptationViewController.h; sourceTree = "<group>"; };
		DC7D80831111F8F50070C19F /* AdaptationViewController.m */ = {isa = PBXFileReference; fileEncoding = 4; lastKnownFileType = sourcecode.c.objc; path = AdaptationViewController.m; sourceTree = "<group>"; };
		DC9991461106014800B2D6AF /* libContextFramework.a */ = {isa = PBXFileReference; lastKnownFileType = archive.ar; name = libContextFramework.a; path = "/Users/Felix/Unterlagen/Studium/Masterarbeit/Implementation/mobile-context-iphone-lib/build/Debug-iphonesimulator/libContextFramework.a"; sourceTree = "<absolute>"; };
		DCABB1D9110A1AFE00B74FE2 /* MainWindow.xib */ = {isa = PBXFileReference; lastKnownFileType = file.xib; path = MainWindow.xib; sourceTree = "<group>"; };
		DCB8BF321111C08A007CB5CF /* AudioToolbox.framework */ = {isa = PBXFileReference; lastKnownFileType = wrapper.framework; name = AudioToolbox.framework; path = System/Library/Frameworks/AudioToolbox.framework; sourceTree = SDKROOT; };
/* End PBXFileReference section */

/* Begin PBXFrameworksBuildPhase section */
		1D60588F0D05DD3D006BFB54 /* Frameworks */ = {
			isa = PBXFrameworksBuildPhase;
			buildActionMask = 2147483647;
			files = (
				1D60589F0D05DD5A006BFB54 /* Foundation.framework in Frameworks */,
				1DF5F4E00D08C38300B7A737 /* UIKit.framework in Frameworks */,
				2892E4100DC94CBA00A64D0F /* CoreGraphics.framework in Frameworks */,
				DC159A7910D939B80021DC0C /* CoreLocation.framework in Frameworks */,
				DC9991471106014800B2D6AF /* libContextFramework.a in Frameworks */,
				DCB8BF331111C08A007CB5CF /* AudioToolbox.framework in Frameworks */,
			);
			runOnlyForDeploymentPostprocessing = 0;
		};
/* End PBXFrameworksBuildPhase section */

/* Begin PBXGroup section */
		080E96DDFE201D6D7F000001 /* Classes */ = {
			isa = PBXGroup;
			children = (
				1D3623240D0F684500981E51 /* ContextDemoAppDelegate.h */,
				1D3623250D0F684500981E51 /* ContextDemoAppDelegate.m */,
				28C286DF0D94DF7D0034E888 /* AttributesViewController.h */,
				28C286E00D94DF7D0034E888 /* AttributesViewController.m */,
				DC7D3C651105B2BF00905C4B /* ContextViewController.h */,
				DC7D3C661105B2BF00905C4B /* ContextViewController.m */,
				DC7846C8110A220300496C96 /* SourcesViewController.h */,
				DC7846C9110A220300496C96 /* SourcesViewController.m */,
				DC1AFA37110A44C5003DBAB1 /* UISourceSwitch.h */,
				DC1AFA38110A44C5003DBAB1 /* UISourceSwitch.m */,
				DC7D80821111F8F50070C19F /* AdaptationViewController.h */,
				DC7D80831111F8F50070C19F /* AdaptationViewController.m */,
			);
			path = Classes;
			sourceTree = "<group>";
		};
		19C28FACFE9D520D11CA2CBB /* Products */ = {
			isa = PBXGroup;
			children = (
				1D6058910D05DD3D006BFB54 /* ContextDemo.app */,
			);
			name = Products;
			sourceTree = "<group>";
		};
		29B97314FDCFA39411CA2CEA /* CustomTemplate */ = {
			isa = PBXGroup;
			children = (
				080E96DDFE201D6D7F000001 /* Classes */,
				DC168D271105FFB3003171EE /* Interfaces */,
				29B97315FDCFA39411CA2CEA /* Other Sources */,
				29B97317FDCFA39411CA2CEA /* Resources */,
				29B97323FDCFA39411CA2CEA /* Frameworks */,
				19C28FACFE9D520D11CA2CBB /* Products */,
			);
			name = CustomTemplate;
			sourceTree = "<group>";
		};
		29B97315FDCFA39411CA2CEA /* Other Sources */ = {
			isa = PBXGroup;
			children = (
				28A0AAE50D9B0CCF005BE974 /* ContextDemo_Prefix.pch */,
				29B97316FDCFA39411CA2CEA /* main.m */,
			);
			name = "Other Sources";
			sourceTree = "<group>";
		};
		29B97317FDCFA39411CA2CEA /* Resources */ = {
			isa = PBXGroup;
			children = (
				DC4E501C11120E71005BC9F2 /* IconCharging.png */,
				DC4E501D11120E71005BC9F2 /* IconHome.png */,
				DC4E501E11120E71005BC9F2 /* IconInternet.png */,
				DC4E501F11120E71005BC9F2 /* IconLeft.png */,
				DC4E502011120E71005BC9F2 /* IconLoud.png */,
				DC4E502111120E71005BC9F2 /* IconModerate.png */,
				DC4E502211120E71005BC9F2 /* IconRight.png */,
				DC4E502311120E71005BC9F2 /* IconSilence.png */,
				DC4E502411120E71005BC9F2 /* IconTraveling.png */,
				DC4E502511120E71005BC9F2 /* IconUp.png */,
				DC4E502611120E71005BC9F2 /* IconWorking.png */,
				DC4E502711120E71005BC9F2 /* IconWorkingday.png */,
				8D1107310486CEB800E47090 /* ContextDemo-Info.plist */,
				DC7847D8110A301F00496C96 /* Icon.png */,
				DC7847D9110A301F00496C96 /* TabAdaption.png */,
				DC7847DA110A301F00496C96 /* TabAttributes.png */,
				DC7847DB110A301F00496C96 /* TabContexts.png */,
				DC7847DC110A301F00496C96 /* TabSources.png */,
			);
			name = Resources;
			sourceTree = "<group>";
		};
		29B97323FDCFA39411CA2CEA /* Frameworks */ = {
			isa = PBXGroup;
			children = (
				1DF5F4DF0D08C38300B7A737 /* UIKit.framework */,
				1D30AB110D05D00D00671497 /* Foundation.framework */,
				2892E40F0DC94CBA00A64D0F /* CoreGraphics.framework */,
				DC159A7810D939B80021DC0C /* CoreLocation.framework */,
				DC9991461106014800B2D6AF /* libContextFramework.a */,
				DCB8BF321111C08A007CB5CF /* AudioToolbox.framework */,
			);
			name = Frameworks;
			sourceTree = "<group>";
		};
		DC168D271105FFB3003171EE /* Interfaces */ = {
			isa = PBXGroup;
			children = (
				DCABB1D9110A1AFE00B74FE2 /* MainWindow.xib */,
				DC7D80711111F85F0070C19F /* AdaptationView.xib */,
			);
			path = Interfaces;
			sourceTree = "<group>";
		};
/* End PBXGroup section */

/* Begin PBXNativeTarget section */
		1D6058900D05DD3D006BFB54 /* ContextDemo */ = {
			isa = PBXNativeTarget;
			buildConfigurationList = 1D6058960D05DD3E006BFB54 /* Build configuration list for PBXNativeTarget "ContextDemo" */;
			buildPhases = (
				1D60588D0D05DD3D006BFB54 /* Resources */,
				1D60588E0D05DD3D006BFB54 /* Sources */,
				1D60588F0D05DD3D006BFB54 /* Frameworks */,
			);
			buildRules = (
			);
			dependencies = (
			);
			name = ContextDemo;
			productName = ContextDemo;
			productReference = 1D6058910D05DD3D006BFB54 /* ContextDemo.app */;
			productType = "com.apple.product-type.application";
		};
/* End PBXNativeTarget section */

/* Begin PBXProject section */
		29B97313FDCFA39411CA2CEA /* Project object */ = {
			isa = PBXProject;
			attributes = {
				ORGANIZATIONNAME = "Felix Mueller (felixmueller@mac.com)";
			};
			buildConfigurationList = C01FCF4E08A954540054247B /* Build configuration list for PBXProject "ContextDemo" */;
			compatibilityVersion = "Xcode 3.1";
			hasScannedForEncodings = 1;
			knownRegions = (
				English,
				Japanese,
				French,
				German,
				en,
			);
			mainGroup = 29B97314FDCFA39411CA2CEA /* CustomTemplate */;
			projectDirPath = "";
			projectRoot = "";
			targets = (
				1D6058900D05DD3D006BFB54 /* ContextDemo */,
			);
		};
/* End PBXProject section */

/* Begin PBXResourcesBuildPhase section */
		1D60588D0D05DD3D006BFB54 /* Resources */ = {
			isa = PBXResourcesBuildPhase;
			buildActionMask = 2147483647;
			files = (
				DCABB1DA110A1AFE00B74FE2 /* MainWindow.xib in Resources */,
				DC7847DD110A301F00496C96 /* Icon.png in Resources */,
				DC7847DE110A301F00496C96 /* TabAdaption.png in Resources */,
				DC7847DF110A301F00496C96 /* TabAttributes.png in Resources */,
				DC7847E0110A301F00496C96 /* TabContexts.png in Resources */,
				DC7847E1110A301F00496C96 /* TabSources.png in Resources */,
				DC7D80721111F85F0070C19F /* AdaptationView.xib in Resources */,
				DC4E502811120E71005BC9F2 /* IconCharging.png in Resources */,
				DC4E502911120E71005BC9F2 /* IconHome.png in Resources */,
				DC4E502A11120E71005BC9F2 /* IconInternet.png in Resources */,
				DC4E502B11120E71005BC9F2 /* IconLeft.png in Resources */,
				DC4E502C11120E71005BC9F2 /* IconLoud.png in Resources */,
				DC4E502D11120E71005BC9F2 /* IconModerate.png in Resources */,
				DC4E502E11120E71005BC9F2 /* IconRight.png in Resources */,
				DC4E502F11120E71005BC9F2 /* IconSilence.png in Resources */,
				DC4E503011120E71005BC9F2 /* IconTraveling.png in Resources */,
				DC4E503111120E71005BC9F2 /* IconUp.png in Resources */,
				DC4E503211120E71005BC9F2 /* IconWorking.png in Resources */,
				DC4E503311120E71005BC9F2 /* IconWorkingday.png in Resources */,
			);
			runOnlyForDeploymentPostprocessing = 0;
		};
/* End PBXResourcesBuildPhase section */

/* Begin PBXSourcesBuildPhase section */
		1D60588E0D05DD3D006BFB54 /* Sources */ = {
			isa = PBXSourcesBuildPhase;
			buildActionMask = 2147483647;
			files = (
				1D60589B0D05DD56006BFB54 /* main.m in Sources */,
				1D3623260D0F684500981E51 /* ContextDemoAppDelegate.m in Sources */,
				28C286E10D94DF7D0034E888 /* AttributesViewController.m in Sources */,
				DC7D3C671105B2BF00905C4B /* ContextViewController.m in Sources */,
				DC7846CA110A220300496C96 /* SourcesViewController.m in Sources */,
				DC1AFA39110A44C5003DBAB1 /* UISourceSwitch.m in Sources */,
				DC7D80841111F8F50070C19F /* AdaptationViewController.m in Sources */,
			);
			runOnlyForDeploymentPostprocessing = 0;
		};
/* End PBXSourcesBuildPhase section */

/* Begin XCBuildConfiguration section */
		1D6058940D05DD3E006BFB54 /* Debug */ = {
			isa = XCBuildConfiguration;
			buildSettings = {
				ALWAYS_SEARCH_USER_PATHS = NO;
				COPY_PHASE_STRIP = NO;
				GCC_DYNAMIC_NO_PIC = NO;
				GCC_OPTIMIZATION_LEVEL = 0;
				GCC_PRECOMPILE_PREFIX_HEADER = YES;
				GCC_PREFIX_HEADER = ContextDemo_Prefix.pch;
				HEADER_SEARCH_PATHS = "${PROJECT_DIR}/../mobile-context-iphone-lib/build/${BUILD_STYLE}-${PLATFORM_NAME}/usr/local/include";
				INFOPLIST_FILE = "ContextDemo-Info.plist";
				LIBRARY_SEARCH_PATHS = (
					"$(inherited)",
					"\"$(SRCROOT)/../mobile-context-iphone-lib/build/$(CONFIGURATION)$(EFFECTIVE_PLATFORM_NAME)\"",
				);
				OTHER_LDFLAGS = (
					"-all_load",
					"-ObjC",
				);
				PRODUCT_NAME = ContextDemo;
			};
			name = Debug;
		};
		1D6058950D05DD3E006BFB54 /* Release */ = {
			isa = XCBuildConfiguration;
			buildSettings = {
				ALWAYS_SEARCH_USER_PATHS = NO;
				COPY_PHASE_STRIP = YES;
				GCC_PRECOMPILE_PREFIX_HEADER = YES;
				GCC_PREFIX_HEADER = ContextDemo_Prefix.pch;
				HEADER_SEARCH_PATHS = "${PROJECT_DIR}/../mobile-context-iphone-lib/build/${BUILD_STYLE}-${PLATFORM_NAME}/usr/local/include";
				INFOPLIST_FILE = "ContextDemo-Info.plist";
				LIBRARY_SEARCH_PATHS = (
					"$(inherited)",
					"\"$(SRCROOT)/../mobile-context-iphone-lib/build/$(CONFIGURATION)$(EFFECTIVE_PLATFORM_NAME)\"",
				);
				OTHER_LDFLAGS = (
					"-all_load",
					"-ObjC",
				);
				PRODUCT_NAME = ContextDemo;
			};
			name = Release;
		};
		C01FCF4F08A954540054247B /* Debug */ = {
			isa = XCBuildConfiguration;
			buildSettings = {
				ARCHS = "$(ARCHS_STANDARD_32_BIT)";
				"CODE_SIGN_IDENTITY[sdk=iphoneos*]" = "iPhone Developer";
				GCC_C_LANGUAGE_STANDARD = c99;
				GCC_WARN_ABOUT_RETURN_TYPE = YES;
				GCC_WARN_UNUSED_VARIABLE = YES;
				PREBINDING = NO;
				SDKROOT = iphoneos3.1.2;
			};
			name = Debug;
		};
		C01FCF5008A954540054247B /* Release */ = {
			isa = XCBuildConfiguration;
			buildSettings = {
				ARCHS = "$(ARCHS_STANDARD_32_BIT)";
				"CODE_SIGN_IDENTITY[sdk=iphoneos*]" = "iPhone Developer";
				GCC_C_LANGUAGE_STANDARD = c99;
				GCC_WARN_ABOUT_RETURN_TYPE = YES;
				GCC_WARN_UNUSED_VARIABLE = YES;
				PREBINDING = NO;
				SDKROOT = iphoneos3.1.2;
			};
			name = Release;
		};
/* End XCBuildConfiguration section */

/* Begin XCConfigurationList section */
		1D6058960D05DD3E006BFB54 /* Build configuration list for PBXNativeTarget "ContextDemo" */ = {
			isa = XCConfigurationList;
			buildConfigurations = (
				1D6058940D05DD3E006BFB54 /* Debug */,
				1D6058950D05DD3E006BFB54 /* Release */,
			);
			defaultConfigurationIsVisible = 0;
			defaultConfigurationName = Release;
		};
		C01FCF4E08A954540054247B /* Build configuration list for PBXProject "ContextDemo" */ = {
			isa = XCConfigurationList;
			buildConfigurations = (
				C01FCF4F08A954540054247B /* Debug */,
				C01FCF5008A954540054247B /* Release */,
			);
			defaultConfigurationIsVisible = 0;
			defaultConfigurationName = Release;
		};
/* End XCConfigurationList section */
	};
	rootObject = 29B97313FDCFA39411CA2CEA /* Project object */;
}
